
Microsoft Visual Studio Solution File, Format Version 12.00
# Visual Studio 2013
VisualStudioVersion = 12.0.40629.0
MinimumVisualStudioVersion = 10.0.40219.1
Project("{FAE04EC0-301F-11D3-BF4B-00C04F79EFBC}") = "MoneyOperations", "MoneyOperations\MoneyOperations.csproj", "{51FD1E23-0FE5-49FC-9067-CAB6CD4B6BD1}"
EndProject
Project("{FAE04EC0-301F-11D3-BF4B-00C04F79EFBC}") = "MoneyOperations.Test", "MoneyOperations.Test\MoneyOperations.Test.csproj", "{AC5A1A39-9A27-4CD7-AA5E-F4BF35954FD7}"
EndProject
Global
	GlobalSection(SolutionConfigurationPlatforms) = preSolution
		Debug|Any CPU = Debug|Any CPU
		Release|Any CPU = Release|Any CPU
	EndGlobalSection
	GlobalSection(ProjectConfigurationPlatforms) = postSolution
		{51FD1E23-0FE5-49FC-9067-CAB6CD4B6BD1}.Debug|Any CPU.ActiveCfg = Debug|Any CPU
		{51FD1E23-0FE5-49FC-9067-CAB6CD4B6BD1}.Debug|Any CPU.Build.0 = Debug|Any CPU
		{51FD1E23-0FE5-49FC-9067-CAB6CD4B6BD1}.Release|Any CPU.ActiveCfg = Release|Any CPU
		{51FD1E23-0FE5-49FC-9067-CAB6CD4B6BD1}.Release|Any CPU.Build.0 = Release|Any CPU
		{AC5A1A39-9A27-4CD7-AA5E-F4BF35954FD7}.Debug|Any CPU.ActiveCfg = Debug|Any CPU
		{AC5A1A39-9A27-4CD7-AA5E-F4BF35954FD7}.Debug|Any CPU.Build.0 = Debug|Any CPU
		{AC5A1A39-9A27-4CD7-AA5E-F4BF35954FD7}.Release|Any CPU.ActiveCfg = Release|Any CPU
		{AC5A1A39-9A27-4CD7-AA5E-F4BF35954FD7}.Release|Any CPU.Build.0 = Release|Any CPU
	EndGlobalSection
	GlobalSection(SolutionProperties) = preSolution
		HideSolutionNode = FALSE
	EndGlobalSection
EndGlobal
